// !$*UTF8*$!
{
	archiveVersion = 1;
	classes = {
	};
	objectVersion = 50;
	objects = {

/* Begin PBXBuildFile section */
		A480E75B25FC552D0045EA1A /* AppDelegate.swift in Sources */ = {isa = PBXBuildFile; fileRef = A480E75A25FC552D0045EA1A /* AppDelegate.swift */; };
		A480E75D25FC552D0045EA1A /* SceneDelegate.swift in Sources */ = {isa = PBXBuildFile; fileRef = A480E75C25FC552D0045EA1A /* SceneDelegate.swift */; };
		A480E75F25FC552D0045EA1A /* ViewController.swift in Sources */ = {isa = PBXBuildFile; fileRef = A480E75E25FC552D0045EA1A /* ViewController.swift */; };
		A480E76225FC552D0045EA1A /* Main.storyboard in Resources */ = {isa = PBXBuildFile; fileRef = A480E76025FC552D0045EA1A /* Main.storyboard */; };
		A480E76425FC552F0045EA1A /* Assets.xcassets in Resources */ = {isa = PBXBuildFile; fileRef = A480E76325FC552F0045EA1A /* Assets.xcassets */; };
		A480E76725FC552F0045EA1A /* LaunchScreen.storyboard in Resources */ = {isa = PBXBuildFile; fileRef = A480E76525FC552F0045EA1A /* LaunchScreen.storyboard */; };
		A480E77225FC552F0045EA1A /* ParstagramTests.swift in Sources */ = {isa = PBXBuildFile; fileRef = A480E77125FC552F0045EA1A /* ParstagramTests.swift */; };
		A480E77D25FC552F0045EA1A /* ParstagramUITests.swift in Sources */ = {isa = PBXBuildFile; fileRef = A480E77C25FC552F0045EA1A /* ParstagramUITests.swift */; };
/* End PBXBuildFile section */

/* Begin PBXContainerItemProxy section */
		A480E76E25FC552F0045EA1A /* PBXContainerItemProxy */ = {
			isa = PBXContainerItemProxy;
			containerPortal = A480E74F25FC552C0045EA1A /* Project object */;
			proxyType = 1;
			remoteGlobalIDString = A480E75625FC552C0045EA1A;
			remoteInfo = Parstagram;
		};
		A480E77925FC552F0045EA1A /* PBXContainerItemProxy */ = {
			isa = PBXContainerItemProxy;
			containerPortal = A480E74F25FC552C0045EA1A /* Project object */;
			proxyType = 1;
			remoteGlobalIDString = A480E75625FC552C0045EA1A;
			remoteInfo = Parstagram;
		};
/* End PBXContainerItemProxy section */

/* Begin PBXFileReference section */
		A480E75725FC552D0045EA1A /* Parstagram.app */ = {isa = PBXFileReference; explicitFileType = wrapper.application; includeInIndex = 0; path = Parstagram.app; sourceTree = BUILT_PRODUCTS_DIR; };
		A480E75A25FC552D0045EA1A /* AppDelegate.swift */ = {isa = PBXFileReference; lastKnownFileType = sourcecode.swift; path = AppDelegate.swift; sourceTree = "<group>"; };
		A480E75C25FC552D0045EA1A /* SceneDelegate.swift */ = {isa = PBXFileReference; lastKnownFileType = sourcecode.swift; path = SceneDelegate.swift; sourceTree = "<group>"; };
		A480E75E25FC552D0045EA1A /* ViewController.swift */ = {isa = PBXFileReference; lastKnownFileType = sourcecode.swift; path = ViewController.swift; sourceTree = "<group>"; };
		A480E76125FC552D0045EA1A /* Base */ = {isa = PBXFileReference; lastKnownFileType = file.storyboard; name = Base; path = Base.lproj/Main.storyboard; sourceTree = "<group>"; };
		A480E76325FC552F0045EA1A /* Assets.xcassets */ = {isa = PBXFileReference; lastKnownFileType = folder.assetcatalog; path = Assets.xcassets; sourceTree = "<group>"; };
		A480E76625FC552F0045EA1A /* Base */ = {isa = PBXFileReference; lastKnownFileType = file.storyboard; name = Base; path = Base.lproj/LaunchScreen.storyboard; sourceTree = "<group>"; };
		A480E76825FC552F0045EA1A /* Info.plist */ = {isa = PBXFileReference; lastKnownFileType = text.plist.xml; path = Info.plist; sourceTree = "<group>"; };
		A480E76D25FC552F0045EA1A /* ParstagramTests.xctest */ = {isa = PBXFileReference; explicitFileType = wrapper.cfbundle; includeInIndex = 0; path = ParstagramTests.xctest; sourceTree = BUILT_PRODUCTS_DIR; };
		A480E77125FC552F0045EA1A /* ParstagramTests.swift */ = {isa = PBXFileReference; lastKnownFileType = sourcecode.swift; path = ParstagramTests.swift; sourceTree = "<group>"; };
		A480E77325FC552F0045EA1A /* Info.plist */ = {isa = PBXFileReference; lastKnownFileType = text.plist.xml; path = Info.plist; sourceTree = "<group>"; };
		A480E77825FC552F0045EA1A /* ParstagramUITests.xctest */ = {isa = PBXFileReference; explicitFileType = wrapper.cfbundle; includeInIndex = 0; path = ParstagramUITests.xctest; sourceTree = BUILT_PRODUCTS_DIR; };
		A480E77C25FC552F0045EA1A /* ParstagramUITests.swift */ = {isa = PBXFileReference; lastKnownFileType = sourcecode.swift; path = ParstagramUITests.swift; sourceTree = "<group>"; };
		A480E77E25FC552F0045EA1A /* Info.plist */ = {isa = PBXFileReference; lastKnownFileType = text.plist.xml; path = Info.plist; sourceTree = "<group>"; };
/* End PBXFileReference section */

/* Begin PBXFrameworksBuildPhase section */
		A480E75425FC552C0045EA1A /* Frameworks */ = {
			isa = PBXFrameworksBuildPhase;
			buildActionMask = 2147483647;
			files = (
			);
			runOnlyForDeploymentPostprocessing = 0;
		};
		A480E76A25FC552F0045EA1A /* Frameworks */ = {
			isa = PBXFrameworksBuildPhase;
			buildActionMask = 2147483647;
			files = (
			);
			runOnlyForDeploymentPostprocessing = 0;
		};
		A480E77525FC552F0045EA1A /* Frameworks */ = {
			isa = PBXFrameworksBuildPhase;
			buildActionMask = 2147483647;
			files = (
			);
			runOnlyForDeploymentPostprocessing = 0;
		};
/* End PBXFrameworksBuildPhase section */

/* Begin PBXGroup section */
		A480E74E25FC552C0045EA1A = {
			isa = PBXGroup;
			children = (
				A480E75925FC552D0045EA1A /* Parstagram */,
				A480E77025FC552F0045EA1A /* ParstagramTests */,
				A480E77B25FC552F0045EA1A /* ParstagramUITests */,
				A480E75825FC552D0045EA1A /* Products */,
			);
			sourceTree = "<group>";
		};
		A480E75825FC552D0045EA1A /* Products */ = {
			isa = PBXGroup;
			children = (
				A480E75725FC552D0045EA1A /* Parstagram.app */,
				A480E76D25FC552F0045EA1A /* ParstagramTests.xctest */,
				A480E77825FC552F0045EA1A /* ParstagramUITests.xctest */,
			);
			name = Products;
			sourceTree = "<group>";
		};
		A480E75925FC552D0045EA1A /* Parstagram */ = {
			isa = PBXGroup;
			children = (
				A480E75A25FC552D0045EA1A /* AppDelegate.swift */,
				A480E75C25FC552D0045EA1A /* SceneDelegate.swift */,
				A480E75E25FC552D0045EA1A /* ViewController.swift */,
				A480E76025FC552D0045EA1A /* Main.storyboard */,
				A480E76325FC552F0045EA1A /* Assets.xcassets */,
				A480E76525FC552F0045EA1A /* LaunchScreen.storyboard */,
				A480E76825FC552F0045EA1A /* Info.plist */,
			);
			path = Parstagram;
			sourceTree = "<group>";
		};
		A480E77025FC552F0045EA1A /* ParstagramTests */ = {
			isa = PBXGroup;
			children = (
				A480E77125FC552F0045EA1A /* ParstagramTests.swift */,
				A480E77325FC552F0045EA1A /* Info.plist */,
			);
			path = ParstagramTests;
			sourceTree = "<group>";
		};
		A480E77B25FC552F0045EA1A /* ParstagramUITests */ = {
			isa = PBXGroup;
			children = (
				A480E77C25FC552F0045EA1A /* ParstagramUITests.swift */,
				A480E77E25FC552F0045EA1A /* Info.plist */,
			);
			path = ParstagramUITests;
			sourceTree = "<group>";
		};
/* End PBXGroup section */

/* Begin PBXNativeTarget section */
		A480E75625FC552C0045EA1A /* Parstagram */ = {
			isa = PBXNativeTarget;
			buildConfigurationList = A480E78125FC552F0045EA1A /* Build configuration list for PBXNativeTarget "Parstagram" */;
			buildPhases = (
				A480E75325FC552C0045EA1A /* Sources */,
				A480E75425FC552C0045EA1A /* Frameworks */,
				A480E75525FC552C0045EA1A /* Resources */,
			);
			buildRules = (
			);
			dependencies = (
			);
			name = Parstagram;
			productName = Parstagram;
			productReference = A480E75725FC552D0045EA1A /* Parstagram.app */;
			productType = "com.apple.product-type.application";
		};
		A480E76C25FC552F0045EA1A /* ParstagramTests */ = {
			isa = PBXNativeTarget;
			buildConfigurationList = A480E78425FC552F0045EA1A /* Build configuration list for PBXNativeTarget "ParstagramTests" */;
			buildPhases = (
				A480E76925FC552F0045EA1A /* Sources */,
				A480E76A25FC552F0045EA1A /* Frameworks */,
				A480E76B25FC552F0045EA1A /* Resources */,
			);
			buildRules = (
			);
			dependencies = (
				A480E76F25FC552F0045EA1A /* PBXTargetDependency */,
			);
			name = ParstagramTests;
			productName = ParstagramTests;
			productReference = A480E76D25FC552F0045EA1A /* ParstagramTests.xctest */;
			productType = "com.apple.product-type.bundle.unit-test";
		};
		A480E77725FC552F0045EA1A /* ParstagramUITests */ = {
			isa = PBXNativeTarget;
			buildConfigurationList = A480E78725FC552F0045EA1A /* Build configuration list for PBXNativeTarget "ParstagramUITests" */;
			buildPhases = (
				A480E77425FC552F0045EA1A /* Sources */,
				A480E77525FC552F0045EA1A /* Frameworks */,
				A480E77625FC552F0045EA1A /* Resources */,
			);
			buildRules = (
			);
			dependencies = (
				A480E77A25FC552F0045EA1A /* PBXTargetDependency */,
			);
			name = ParstagramUITests;
			productName = ParstagramUITests;
			productReference = A480E77825FC552F0045EA1A /* ParstagramUITests.xctest */;
			productType = "com.apple.product-type.bundle.ui-testing";
		};
/* End PBXNativeTarget section */

/* Begin PBXProject section */
		A480E74F25FC552C0045EA1A /* Project object */ = {
			isa = PBXProject;
			attributes = {
				LastSwiftUpdateCheck = 1130;
				LastUpgradeCheck = 1130;
				ORGANIZATIONNAME = "Sanjidah Abdullah";
				TargetAttributes = {
					A480E75625FC552C0045EA1A = {
						CreatedOnToolsVersion = 11.3.1;
					};
					A480E76C25FC552F0045EA1A = {
						CreatedOnToolsVersion = 11.3.1;
						TestTargetID = A480E75625FC552C0045EA1A;
					};
					A480E77725FC552F0045EA1A = {
						CreatedOnToolsVersion = 11.3.1;
						TestTargetID = A480E75625FC552C0045EA1A;
					};
				};
			};
			buildConfigurationList = A480E75225FC552C0045EA1A /* Build configuration list for PBXProject "Parstagram" */;
			compatibilityVersion = "Xcode 9.3";
			developmentRegion = en;
			hasScannedForEncodings = 0;
			knownRegions = (
				en,
				Base,
			);
			mainGroup = A480E74E25FC552C0045EA1A;
			productRefGroup = A480E75825FC552D0045EA1A /* Products */;
			projectDirPath = "";
			projectRoot = "";
			targets = (
				A480E75625FC552C0045EA1A /* Parstagram */,
				A480E76C25FC552F0045EA1A /* ParstagramTests */,
				A480E77725FC552F0045EA1A /* ParstagramUITests */,
			);
		};
/* End PBXProject section */

/* Begin PBXResourcesBuildPhase section */
		A480E75525FC552C0045EA1A /* Resources */ = {
			isa = PBXResourcesBuildPhase;
			buildActionMask = 2147483647;
			files = (
				A480E76725FC552F0045EA1A /* LaunchScreen.storyboard in Resources */,
				A480E76425FC552F0045EA1A /* Assets.xcassets in Resources */,
				A480E76225FC552D0045EA1A /* Main.storyboard in Resources */,
			);
			runOnlyForDeploymentPostprocessing = 0;
		};
		A480E76B25FC552F0045EA1A /* Resources */ = {
			isa = PBXResourcesBuildPhase;
			buildActionMask = 2147483647;
			files = (
			);
			runOnlyForDeploymentPostprocessing = 0;
		};
		A480E77625FC552F0045EA1A /* Resources */ = {
			isa = PBXResourcesBuildPhase;
			buildActionMask = 2147483647;
			files = (
			);
			runOnlyForDeploymentPostprocessing = 0;
		};
/* End PBXResourcesBuildPhase section */

/* Begin PBXSourcesBuildPhase section */
		A480E75325FC552C0045EA1A /* Sources */ = {
			isa = PBXSourcesBuildPhase;
			buildActionMask = 2147483647;
			files = (
				A480E75F25FC552D0045EA1A /* ViewController.swift in Sources */,
				A480E75B25FC552D0045EA1A /* AppDelegate.swift in Sources */,
				A480E75D25FC552D0045EA1A /* SceneDelegate.swift in Sources */,
			);
			runOnlyForDeploymentPostprocessing = 0;
		};
		A480E76925FC552F0045EA1A /* Sources */ = {
			isa = PBXSourcesBuildPhase;
			buildActionMask = 2147483647;
			files = (
				A480E77225FC552F0045EA1A /* ParstagramTests.swift in Sources */,
			);
			runOnlyForDeploymentPostprocessing = 0;
		};
		A480E77425FC552F0045EA1A /* Sources */ = {
			isa = PBXSourcesBuildPhase;
			buildActionMask = 2147483647;
			files = (
				A480E77D25FC552F0045EA1A /* ParstagramUITests.swift in Sources */,
			);
			runOnlyForDeploymentPostprocessing = 0;
		};
/* End PBXSourcesBuildPhase section */

/* Begin PBXTargetDependency section */
		A480E76F25FC552F0045EA1A /* PBXTargetDependency */ = {
			isa = PBXTargetDependency;
			target = A480E75625FC552C0045EA1A /* Parstagram */;
			targetProxy = A480E76E25FC552F0045EA1A /* PBXContainerItemProxy */;
		};
		A480E77A25FC552F0045EA1A /* PBXTargetDependency */ = {
			isa = PBXTargetDependency;
			target = A480E75625FC552C0045EA1A /* Parstagram */;
			targetProxy = A480E77925FC552F0045EA1A /* PBXContainerItemProxy */;
		};
/* End PBXTargetDependency section */

/* Begin PBXVariantGroup section */
		A480E76025FC552D0045EA1A /* Main.storyboard */ = {
			isa = PBXVariantGroup;
			children = (
				A480E76125FC552D0045EA1A /* Base */,
			);
			name = Main.storyboard;
			sourceTree = "<group>";
		};
		A480E76525FC552F0045EA1A /* LaunchScreen.storyboard */ = {
			isa = PBXVariantGroup;
			children = (
				A480E76625FC552F0045EA1A /* Base */,
			);
			name = LaunchScreen.storyboard;
			sourceTree = "<group>";
		};
/* End PBXVariantGroup section */

/* Begin XCBuildConfiguration section */
		A480E77F25FC552F0045EA1A /* Debug */ = {
			isa = XCBuildConfiguration;
			buildSettings = {
				ALWAYS_SEARCH_USER_PATHS = NO;
				CLANG_ANALYZER_NONNULL = YES;
				CLANG_ANALYZER_NUMBER_OBJECT_CONVERSION = YES_AGGRESSIVE;
				CLANG_CXX_LANGUAGE_STANDARD = "gnu++14";
				CLANG_CXX_LIBRARY = "libc++";
				CLANG_ENABLE_MODULES = YES;
				CLANG_ENABLE_OBJC_ARC = YES;
				CLANG_ENABLE_OBJC_WEAK = YES;
				CLANG_WARN_BLOCK_CAPTURE_AUTORELEASING = YES;
				CLANG_WARN_BOOL_CONVERSION = YES;
				CLANG_WARN_COMMA = YES;
				CLANG_WARN_CONSTANT_CONVERSION = YES;
				CLANG_WARN_DEPRECATED_OBJC_IMPLEMENTATIONS = YES;
				CLANG_WARN_DIRECT_OBJC_ISA_USAGE = YES_ERROR;
				CLANG_WARN_DOCUMENTATION_COMMENTS = YES;
				CLANG_WARN_EMPTY_BODY = YES;
				CLANG_WARN_ENUM_CONVERSION = YES;
				CLANG_WARN_INFINITE_RECURSION = YES;
				CLANG_WARN_INT_CONVERSION = YES;
				CLANG_WARN_NON_LITERAL_NULL_CONVERSION = YES;
				CLANG_WARN_OBJC_IMPLICIT_RETAIN_SELF = YES;
				CLANG_WARN_OBJC_LITERAL_CONVERSION = YES;
				CLANG_WARN_OBJC_ROOT_CLASS = YES_ERROR;
				CLANG_WARN_RANGE_LOOP_ANALYSIS = YES;
				CLANG_WARN_STRICT_PROTOTYPES = YES;
				CLANG_WARN_SUSPICIOUS_MOVE = YES;
				CLANG_WARN_UNGUARDED_AVAILABILITY = YES_AGGRESSIVE;
				CLANG_WARN_UNREACHABLE_CODE = YES;
				CLANG_WARN__DUPLICATE_METHOD_MATCH = YES;
				COPY_PHASE_STRIP = NO;
				DEBUG_INFORMATION_FORMAT = dwarf;
				ENABLE_STRICT_OBJC_MSGSEND = YES;
				ENABLE_TESTABILITY = YES;
				GCC_C_LANGUAGE_STANDARD = gnu11;
				GCC_DYNAMIC_NO_PIC = NO;
				GCC_NO_COMMON_BLOCKS = YES;
				GCC_OPTIMIZATION_LEVEL = 0;
				GCC_PREPROCESSOR_DEFINITIONS = (
					"DEBUG=1",
					"$(inherited)",
				);
				GCC_WARN_64_TO_32_BIT_CONVERSION = YES;
				GCC_WARN_ABOUT_RETURN_TYPE = YES_ERROR;
				GCC_WARN_UNDECLARED_SELECTOR = YES;
				GCC_WARN_UNINITIALIZED_AUTOS = YES_AGGRESSIVE;
				GCC_WARN_UNUSED_FUNCTION = YES;
				GCC_WARN_UNUSED_VARIABLE = YES;
				IPHONEOS_DEPLOYMENT_TARGET = 13.2;
				MTL_ENABLE_DEBUG_INFO = INCLUDE_SOURCE;
				MTL_FAST_MATH = YES;
				ONLY_ACTIVE_ARCH = YES;
				SDKROOT = iphoneos;
				SWIFT_ACTIVE_COMPILATION_CONDITIONS = DEBUG;
				SWIFT_OPTIMIZATION_LEVEL = "-Onone";
			};
			name = Debug;
		};
		A480E78025FC552F0045EA1A /* Release */ = {
			isa = XCBuildConfiguration;
			buildSettings = {
				ALWAYS_SEARCH_USER_PATHS = NO;
				CLANG_ANALYZER_NONNULL = YES;
				CLANG_ANALYZER_NUMBER_OBJECT_CONVERSION = YES_AGGRESSIVE;
				CLANG_CXX_LANGUAGE_STANDARD = "gnu++14";
				CLANG_CXX_LIBRARY = "libc++";
				CLANG_ENABLE_MODULES = YES;
				CLANG_ENABLE_OBJC_ARC = YES;
				CLANG_ENABLE_OBJC_WEAK = YES;
				CLANG_WARN_BLOCK_CAPTURE_AUTORELEASING = YES;
				CLANG_WARN_BOOL_CONVERSION = YES;
				CLANG_WARN_COMMA = YES;
				CLANG_WARN_CONSTANT_CONVERSION = YES;
				CLANG_WARN_DEPRECATED_OBJC_IMPLEMENTATIONS = YES;
				CLANG_WARN_DIRECT_OBJC_ISA_USAGE = YES_ERROR;
				CLANG_WARN_DOCUMENTATION_COMMENTS = YES;
				CLANG_WARN_EMPTY_BODY = YES;
				CLANG_WARN_ENUM_CONVERSION = YES;
				CLANG_WARN_INFINITE_RECURSION = YES;
				CLANG_WARN_INT_CONVERSION = YES;
				CLANG_WARN_NON_LITERAL_NULL_CONVERSION = YES;
				CLANG_WARN_OBJC_IMPLICIT_RETAIN_SELF = YES;
				CLANG_WARN_OBJC_LITERAL_CONVERSION = YES;
				CLANG_WARN_OBJC_ROOT_CLASS = YES_ERROR;
				CLANG_WARN_RANGE_LOOP_ANALYSIS = YES;
				CLANG_WARN_STRICT_PROTOTYPES = YES;
				CLANG_WARN_SUSPICIOUS_MOVE = YES;
				CLANG_WARN_UNGUARDED_AVAILABILITY = YES_AGGRESSIVE;
				CLANG_WARN_UNREACHABLE_CODE = YES;
				CLANG_WARN__DUPLICATE_METHOD_MATCH = YES;
				COPY_PHASE_STRIP = NO;
				DEBUG_INFORMATION_FORMAT = "dwarf-with-dsym";
				ENABLE_NS_ASSERTIONS = NO;
				ENABLE_STRICT_OBJC_MSGSEND = YES;
				GCC_C_LANGUAGE_STANDARD = gnu11;
				GCC_NO_COMMON_BLOCKS = YES;
				GCC_WARN_64_TO_32_BIT_CONVERSION = YES;
				GCC_WARN_ABOUT_RETURN_TYPE = YES_ERROR;
				GCC_WARN_UNDECLARED_SELECTOR = YES;
				GCC_WARN_UNINITIALIZED_AUTOS = YES_AGGRESSIVE;
				GCC_WARN_UNUSED_FUNCTION = YES;
				GCC_WARN_UNUSED_VARIABLE = YES;
				IPHONEOS_DEPLOYMENT_TARGET = 13.2;
				MTL_ENABLE_DEBUG_INFO = NO;
				MTL_FAST_MATH = YES;
				SDKROOT = iphoneos;
				SWIFT_COMPILATION_MODE = wholemodule;
				SWIFT_OPTIMIZATION_LEVEL = "-O";
				VALIDATE_PRODUCT = YES;
			};
			name = Release;
		};
		A480E78225FC552F0045EA1A /* Debug */ = {
			isa = XCBuildConfiguration;
			buildSettings = {
				ASSETCATALOG_COMPILER_APPICON_NAME = AppIcon;
				CODE_SIGN_STYLE = Automatic;
				INFOPLIST_FILE = Parstagram/Info.plist;
				LD_RUNPATH_SEARCH_PATHS = (
					"$(inherited)",
					"@executable_path/Frameworks",
				);
				PRODUCT_BUNDLE_IDENTIFIER = com.codepath.Parstagram;
				PRODUCT_NAME = "$(TARGET_NAME)";
				SWIFT_VERSION = 5.0;
				TARGETED_DEVICE_FAMILY = "1,2";
			};
			name = Debug;
		};
		A480E78325FC552F0045EA1A /* Release */ = {
			isa = XCBuildConfiguration;
			buildSettings = {
				ASSETCATALOG_COMPILER_APPICON_NAME = AppIcon;
				CODE_SIGN_STYLE = Automatic;
				INFOPLIST_FILE = Parstagram/Info.plist;
				LD_RUNPATH_SEARCH_PATHS = (
					"$(inherited)",
					"@executable_path/Frameworks",
				);
				PRODUCT_BUNDLE_IDENTIFIER = com.codepath.Parstagram;
				PRODUCT_NAME = "$(TARGET_NAME)";
				SWIFT_VERSION = 5.0;
				TARGETED_DEVICE_FAMILY = "1,2";
			};
			name = Release;
		};
		A480E78525FC552F0045EA1A /* Debug */ = {
			isa = XCBuildConfiguration;
			buildSettings = {
				ALWAYS_EMBED_SWIFT_STANDARD_LIBRARIES = YES;
				BUNDLE_LOADER = "$(TEST_HOST)";
				CODE_SIGN_STYLE = Automatic;
				INFOPLIST_FILE = ParstagramTests/Info.plist;
				IPHONEOS_DEPLOYMENT_TARGET = 13.2;
				LD_RUNPATH_SEARCH_PATHS = (
					"$(inherited)",
					"@executable_path/Frameworks",
					"@loader_path/Frameworks",
				);
				PRODUCT_BUNDLE_IDENTIFIER = com.codepath.ParstagramTests;
				PRODUCT_NAME = "$(TARGET_NAME)";
				SWIFT_VERSION = 5.0;
				TARGETED_DEVICE_FAMILY = "1,2";
				TEST_HOST = "$(BUILT_PRODUCTS_DIR)/Parstagram.app/Parstagram";
			};
			name = Debug;
		};
		A480E78625FC552F0045EA1A /* Release */ = {
			isa = XCBuildConfiguration;
			buildSettings = {
				ALWAYS_EMBED_SWIFT_STANDARD_LIBRARIES = YES;
				BUNDLE_LOADER = "$(TEST_HOST)";
				CODE_SIGN_STYLE = Automatic;
				INFOPLIST_FILE = ParstagramTests/Info.plist;
				IPHONEOS_DEPLOYMENT_TARGET = 13.2;
				LD_RUNPATH_SEARCH_PATHS = (
					"$(inherited)",
					"@executable_path/Frameworks",
					"@loader_path/Frameworks",
				);
				PRODUCT_BUNDLE_IDENTIFIER = com.codepath.ParstagramTests;
				PRODUCT_NAME = "$(TARGET_NAME)";
				SWIFT_VERSION = 5.0;
				TARGETED_DEVICE_FAMILY = "1,2";
				TEST_HOST = "$(BUILT_PRODUCTS_DIR)/Parstagram.app/Parstagram";
			};
			name = Release;
		};
		A480E78825FC552F0045EA1A /* Debug */ = {
			isa = XCBuildConfiguration;
			buildSettings = {
				ALWAYS_EMBED_SWIFT_STANDARD_LIBRARIES = YES;
				CODE_SIGN_STYLE = Automatic;
				INFOPLIST_FILE = ParstagramUITests/Info.plist;
				LD_RUNPATH_SEARCH_PATHS = (
					"$(inherited)",
					"@executable_path/Frameworks",
					"@loader_path/Frameworks",
				);
				PRODUCT_BUNDLE_IDENTIFIER = com.codepath.ParstagramUITests;
				PRODUCT_NAME = "$(TARGET_NAME)";
				SWIFT_VERSION = 5.0;
				TARGETED_DEVICE_FAMILY = "1,2";
				TEST_TARGET_NAME = Parstagram;
			};
			name = Debug;
		};
		A480E78925FC552F0045EA1A /* Release */ = {
			isa = XCBuildConfiguration;
			buildSettings = {
				ALWAYS_EMBED_SWIFT_STANDARD_LIBRARIES = YES;
				CODE_SIGN_STYLE = Automatic;
				INFOPLIST_FILE = ParstagramUITests/Info.plist;
				LD_RUNPATH_SEARCH_PATHS = (
					"$(inherited)",
					"@executable_path/Frameworks",
					"@loader_path/Frameworks",
				);
				PRODUCT_BUNDLE_IDENTIFIER = com.codepath.ParstagramUITests;
				PRODUCT_NAME = "$(TARGET_NAME)";
				SWIFT_VERSION = 5.0;
				TARGETED_DEVICE_FAMILY = "1,2";
				TEST_TARGET_NAME = Parstagram;
			};
			name = Release;
		};
/* End XCBuildConfiguration section */

/* Begin XCConfigurationList section */
		A480E75225FC552C0045EA1A /* Build configuration list for PBXProject "Parstagram" */ = {
			isa = XCConfigurationList;
			buildConfigurations = (
				A480E77F25FC552F0045EA1A /* Debug */,
				A480E78025FC552F0045EA1A /* Release */,
			);
			defaultConfigurationIsVisible = 0;
			defaultConfigurationName = Release;
		};
		A480E78125FC552F0045EA1A /* Build configuration list for PBXNativeTarget "Parstagram" */ = {
			isa = XCConfigurationList;
			buildConfigurations = (
				A480E78225FC552F0045EA1A /* Debug */,
				A480E78325FC552F0045EA1A /* Release */,
			);
			defaultConfigurationIsVisible = 0;
			defaultConfigurationName = Release;
		};
		A480E78425FC552F0045EA1A /* Build configuration list for PBXNativeTarget "ParstagramTests" */ = {
			isa = XCConfigurationList;
			buildConfigurations = (
				A480E78525FC552F0045EA1A /* Debug */,
				A480E78625FC552F0045EA1A /* Release */,
			);
			defaultConfigurationIsVisible = 0;
			defaultConfigurationName = Release;
		};
		A480E78725FC552F0045EA1A /* Build configuration list for PBXNativeTarget "ParstagramUITests" */ = {
			isa = XCConfigurationList;
			buildConfigurations = (
				A480E78825FC552F0045EA1A /* Debug */,
				A480E78925FC552F0045EA1A /* Release */,
			);
			defaultConfigurationIsVisible = 0;
			defaultConfigurationName = Release;
		};
/* End XCConfigurationList section */
	};
	rootObject = A480E74F25FC552C0045EA1A /* Project object */;
}
